version = 1
revision = 3
requires-python = ">=3.14"

[[package]]
name = "colored"
version = "2.3.1"
source = { registry = "https://pypi.org/simple" }
sdist = { url = "https://files.pythonhosted.org/packages/4a/32/b772def12071faf780dd14e8a95ec8eba4bf5934f302de3a3780b919859a/colored-2.3.1.tar.gz", hash = "sha256:fe6e888e12dc16643daa0b108f785df6d0b48420084b5d0a567de27bb09a14d8", size = 16046, upload-time = "2025-07-31T08:40:05.38Z" }
wheels = [
    { url = "https://files.pythonhosted.org/packages/e4/33/58702880fe6bb3ed91cb21e1c92b002f9b73e32c0c5e3e9e2c0a94eaac61/colored-2.3.1-py3-none-any.whl", hash = "sha256:15d85396d6841f79534bf4668330b5e8686a5e58e730c84ada0e09d335b21fd1", size = 19925, upload-time = "2025-07-31T08:40:03.859Z" },
]

[[package]]
name = "install"
version = "0.1.0"
source = { virtual = "." }
dependencies = [
    { name = "colored" },
]

[package.metadata]
requires-dist = [{ name = "colored", specifier = ">=2.3.1" }]
